
Microsoft Visual Studio Solution File, Format Version 12.00
# Visual Studio 14
VisualStudioVersion = 14.0.25420.1
MinimumVisualStudioVersion = 10.0.40219.1
Project("{FAE04EC0-301F-11D3-BF4B-00C04F79EFBC}") = "PostSecret", "PostSecret\PostSecret.csproj", "{843C4D01-DA4B-4190-A976-A9DCCD145CFC}"
EndProject
Project("{FAE04EC0-301F-11D3-BF4B-00C04F79EFBC}") = "Netfinity", "Netfinity\Netfinity.csproj", "{DC21416E-FA69-486B-B481-F796CBDF9A46}"
EndProject
Project("{FAE04EC0-301F-11D3-BF4B-00C04F79EFBC}") = "Models", "Models\Models.csproj", "{4E1B1820-ADA5-488E-9782-DDE37A1CA654}"
EndProject
Project("{FAE04EC0-301F-11D3-BF4B-00C04F79EFBC}") = "ModelLayer.Tests", "ModelLayer.Tests\ModelLayer.Tests.csproj", "{12854CA8-AACF-4D5C-9E94-3C40A4525298}"
EndProject
Global
	GlobalSection(SolutionConfigurationPlatforms) = preSolution
		Debug|Any CPU = Debug|Any CPU
		Release|Any CPU = Release|Any CPU
	EndGlobalSection
	GlobalSection(ProjectConfigurationPlatforms) = postSolution
		{843C4D01-DA4B-4190-A976-A9DCCD145CFC}.Debug|Any CPU.ActiveCfg = Debug|Any CPU
		{843C4D01-DA4B-4190-A976-A9DCCD145CFC}.Debug|Any CPU.Build.0 = Debug|Any CPU
		{843C4D01-DA4B-4190-A976-A9DCCD145CFC}.Release|Any CPU.ActiveCfg = Release|Any CPU
		{843C4D01-DA4B-4190-A976-A9DCCD145CFC}.Release|Any CPU.Build.0 = Release|Any CPU
		{DC21416E-FA69-486B-B481-F796CBDF9A46}.Debug|Any CPU.ActiveCfg = Debug|Any CPU
		{DC21416E-FA69-486B-B481-F796CBDF9A46}.Debug|Any CPU.Build.0 = Debug|Any CPU
		{DC21416E-FA69-486B-B481-F796CBDF9A46}.Release|Any CPU.ActiveCfg = Release|Any CPU
		{DC21416E-FA69-486B-B481-F796CBDF9A46}.Release|Any CPU.Build.0 = Release|Any CPU
		{4E1B1820-ADA5-488E-9782-DDE37A1CA654}.Debug|Any CPU.ActiveCfg = Debug|Any CPU
		{4E1B1820-ADA5-488E-9782-DDE37A1CA654}.Debug|Any CPU.Build.0 = Debug|Any CPU
		{4E1B1820-ADA5-488E-9782-DDE37A1CA654}.Release|Any CPU.ActiveCfg = Release|Any CPU
		{4E1B1820-ADA5-488E-9782-DDE37A1CA654}.Release|Any CPU.Build.0 = Release|Any CPU
		{12854CA8-AACF-4D5C-9E94-3C40A4525298}.Debug|Any CPU.ActiveCfg = Debug|Any CPU
		{12854CA8-AACF-4D5C-9E94-3C40A4525298}.Debug|Any CPU.Build.0 = Debug|Any CPU
		{12854CA8-AACF-4D5C-9E94-3C40A4525298}.Release|Any CPU.ActiveCfg = Release|Any CPU
		{12854CA8-AACF-4D5C-9E94-3C40A4525298}.Release|Any CPU.Build.0 = Release|Any CPU
	EndGlobalSection
	GlobalSection(SolutionProperties) = preSolution
		HideSolutionNode = FALSE
	EndGlobalSection
EndGlobal
